
Microsoft Visual Studio Solution File, Format Version 12.00
# Visual Studio 15
VisualStudioVersion = 15.0.28010.2003
MinimumVisualStudioVersion = 10.0.40219.1
Project("{FAE04EC0-301F-11D3-BF4B-00C04F79EFBC}") = "HalloDebugging", "HalloDebugging\HalloDebugging.csproj", "{35A44C7A-B818-4BCF-9D35-0F1F8BAC8C3A}"
EndProject
Project("{FAE04EC0-301F-11D3-BF4B-00C04F79EFBC}") = "HalloThreading", "HalloThreading\HalloThreading.csproj", "{78021D38-120F-4E60-95AF-F61B205DE524}"
EndProject
Project("{FAE04EC0-301F-11D3-BF4B-00C04F79EFBC}") = "MeineLibFürsTesten", "MeineLibFürsTesten\MeineLibFürsTesten.csproj", "{18A5D69C-2388-4A74-9F5E-7FA21C2428D3}"
EndProject
Project("{FAE04EC0-301F-11D3-BF4B-00C04F79EFBC}") = "MeineLibFürsTesten.Tests", "MeineLibFürsTesten.Tests\MeineLibFürsTesten.Tests.csproj", "{D9E6D4F9-E339-4720-818C-284CBC0425B2}"
EndProject
Project("{FAE04EC0-301F-11D3-BF4B-00C04F79EFBC}") = "EFDemo", "EFDemo\EFDemo.csproj", "{F7E76110-01C7-4308-B19A-728F9FC37859}"
EndProject
Project("{FAE04EC0-301F-11D3-BF4B-00C04F79EFBC}") = "EFDemo.Tests", "EFDemo.Tests\EFDemo.Tests.csproj", "{239538F7-5C8B-4558-A324-363A26EDBAF4}"
EndProject
Global
	GlobalSection(SolutionConfigurationPlatforms) = preSolution
		Debug|Any CPU = Debug|Any CPU
		Release|Any CPU = Release|Any CPU
	EndGlobalSection
	GlobalSection(ProjectConfigurationPlatforms) = postSolution
		{35A44C7A-B818-4BCF-9D35-0F1F8BAC8C3A}.Debug|Any CPU.ActiveCfg = Debug|Any CPU
		{35A44C7A-B818-4BCF-9D35-0F1F8BAC8C3A}.Debug|Any CPU.Build.0 = Debug|Any CPU
		{35A44C7A-B818-4BCF-9D35-0F1F8BAC8C3A}.Release|Any CPU.ActiveCfg = Release|Any CPU
		{35A44C7A-B818-4BCF-9D35-0F1F8BAC8C3A}.Release|Any CPU.Build.0 = Release|Any CPU
		{78021D38-120F-4E60-95AF-F61B205DE524}.Debug|Any CPU.ActiveCfg = Debug|Any CPU
		{78021D38-120F-4E60-95AF-F61B205DE524}.Debug|Any CPU.Build.0 = Debug|Any CPU
		{78021D38-120F-4E60-95AF-F61B205DE524}.Release|Any CPU.ActiveCfg = Release|Any CPU
		{78021D38-120F-4E60-95AF-F61B205DE524}.Release|Any CPU.Build.0 = Release|Any CPU
		{18A5D69C-2388-4A74-9F5E-7FA21C2428D3}.Debug|Any CPU.ActiveCfg = Debug|Any CPU
		{18A5D69C-2388-4A74-9F5E-7FA21C2428D3}.Debug|Any CPU.Build.0 = Debug|Any CPU
		{18A5D69C-2388-4A74-9F5E-7FA21C2428D3}.Release|Any CPU.ActiveCfg = Release|Any CPU
		{18A5D69C-2388-4A74-9F5E-7FA21C2428D3}.Release|Any CPU.Build.0 = Release|Any CPU
		{D9E6D4F9-E339-4720-818C-284CBC0425B2}.Debug|Any CPU.ActiveCfg = Debug|Any CPU
		{D9E6D4F9-E339-4720-818C-284CBC0425B2}.Debug|Any CPU.Build.0 = Debug|Any CPU
		{D9E6D4F9-E339-4720-818C-284CBC0425B2}.Release|Any CPU.ActiveCfg = Release|Any CPU
		{D9E6D4F9-E339-4720-818C-284CBC0425B2}.Release|Any CPU.Build.0 = Release|Any CPU
		{F7E76110-01C7-4308-B19A-728F9FC37859}.Debug|Any CPU.ActiveCfg = Debug|Any CPU
		{F7E76110-01C7-4308-B19A-728F9FC37859}.Debug|Any CPU.Build.0 = Debug|Any CPU
		{F7E76110-01C7-4308-B19A-728F9FC37859}.Release|Any CPU.ActiveCfg = Release|Any CPU
		{F7E76110-01C7-4308-B19A-728F9FC37859}.Release|Any CPU.Build.0 = Release|Any CPU
		{239538F7-5C8B-4558-A324-363A26EDBAF4}.Debug|Any CPU.ActiveCfg = Debug|Any CPU
		{239538F7-5C8B-4558-A324-363A26EDBAF4}.Debug|Any CPU.Build.0 = Debug|Any CPU
		{239538F7-5C8B-4558-A324-363A26EDBAF4}.Release|Any CPU.ActiveCfg = Release|Any CPU
		{239538F7-5C8B-4558-A324-363A26EDBAF4}.Release|Any CPU.Build.0 = Release|Any CPU
	EndGlobalSection
	GlobalSection(SolutionProperties) = preSolution
		HideSolutionNode = FALSE
	EndGlobalSection
	GlobalSection(ExtensibilityGlobals) = postSolution
		SolutionGuid = {803A7E87-6CA6-4282-9E3C-7658C45051C0}
	EndGlobalSection
EndGlobal
